
Microsoft Visual Studio Solution File, Format Version 11.00
# Visual Studio 2010
Project("{2150E333-8FDC-42A3-9474-1A3956D46DE8}") = "YT", "YT", "{76542772-A619-4B60-B744-8379D75AFF99}"
EndProject
Project("{8BC9CEB8-8B4A-11D0-8D11-00A0C91BC942}") = "YT2", "YT2\YT2.vcxproj", "{31292C86-E110-4B69-88B7-24DB1751FBB0}"
EndProject
Project("{8BC9CEB8-8B4A-11D0-8D11-00A0C91BC942}") = "YT1", "YT1\YT1.vcxproj", "{4F4E7DF6-150F-4ACC-BF2D-2101322A36D1}"
EndProject
Project("{8BC9CEB8-8B4A-11D0-8D11-00A0C91BC942}") = "YT3", "YT3\YT3.vcxproj", "{A427D694-D687-4C9B-A3B2-D1A58E10B0D5}"
EndProject
Project("{8BC9CEB8-8B4A-11D0-8D11-00A0C91BC942}") = "YT4", "YT4\YT4.vcxproj", "{65302AD0-4CF9-4538-ADB4-18CA2430D39D}"
EndProject
Project("{8BC9CEB8-8B4A-11D0-8D11-00A0C91BC942}") = "YT5", "YT5\YT5.vcxproj", "{AE63260D-C826-44D4-AF7C-29507DE08A66}"
EndProject
Project("{8BC9CEB8-8B4A-11D0-8D11-00A0C91BC942}") = "YT6", "YT6\YT6.vcxproj", "{15F57D0C-8510-420F-A359-0B65F8F340E0}"
EndProject
Project("{8BC9CEB8-8B4A-11D0-8D11-00A0C91BC942}") = "YT7", "YT7\YT7.vcxproj", "{FEE28484-E055-4BB5-8F51-67D9BC76DF9F}"
EndProject
Project("{8BC9CEB8-8B4A-11D0-8D11-00A0C91BC942}") = "YT8", "YT8\YT8.vcxproj", "{3DEDD1CB-9421-43D4-AE45-C5DBAE45D22F}"
EndProject
Project("{8BC9CEB8-8B4A-11D0-8D11-00A0C91BC942}") = "YT9", "YT9\YT9.vcxproj", "{0A4CF0EB-BD34-43D8-AF61-66A5AEE4FB1A}"
EndProject
Project("{8BC9CEB8-8B4A-11D0-8D11-00A0C91BC942}") = "YT10", "YT10\YT10.vcxproj", "{69807652-5587-4AAA-9EAB-6D55A5FB4CBC}"
EndProject
Project("{8BC9CEB8-8B4A-11D0-8D11-00A0C91BC942}") = "YT11", "YT11\YT11.vcxproj", "{6B629A32-8D95-41FB-8D1A-0F8A0340FAC5}"
EndProject
Project("{8BC9CEB8-8B4A-11D0-8D11-00A0C91BC942}") = "YT12", "YT12\YT12.vcxproj", "{137B8A46-FB36-42E4-A08E-A2B638D96170}"
EndProject
Project("{8BC9CEB8-8B4A-11D0-8D11-00A0C91BC942}") = "YT13", "YT13\YT13.vcxproj", "{751DA57C-E1EB-4B72-8BC7-C63771619569}"
EndProject
Project("{8BC9CEB8-8B4A-11D0-8D11-00A0C91BC942}") = "YT14", "YT14\YT14.vcxproj", "{DB09006C-8D10-48EF-A6BB-C532EBD1C999}"
EndProject
Project("{8BC9CEB8-8B4A-11D0-8D11-00A0C91BC942}") = "YT15", "YT15\YT15.vcxproj", "{3148DF5A-5201-45DB-B23A-9E0F8DE8BA25}"
EndProject
Project("{2150E333-8FDC-42A3-9474-1A3956D46DE8}") = "Drozdek", "Drozdek", "{0E10D564-F06A-4699-9FEA-A89AE73425F8}"
EndProject
Project("{8BC9CEB8-8B4A-11D0-8D11-00A0C91BC942}") = "drozdek1", "drozdek1\drozdek1.vcxproj", "{3D80CB14-1A1A-4C63-A51B-2F5B58721E9A}"
EndProject
Project("{FAE04EC0-301F-11D3-BF4B-00C04F79EFBC}") = "drozdek2", "drozdek2\drozdek2.csproj", "{6E7E1ABD-26FE-4DDF-BB0C-D65EBC593378}"
EndProject
Global
	GlobalSection(SolutionConfigurationPlatforms) = preSolution
		Debug|Mixed Platforms = Debug|Mixed Platforms
		Debug|Win32 = Debug|Win32
		Debug|x86 = Debug|x86
		Release|Mixed Platforms = Release|Mixed Platforms
		Release|Win32 = Release|Win32
		Release|x86 = Release|x86
	EndGlobalSection
	GlobalSection(ProjectConfigurationPlatforms) = postSolution
		{31292C86-E110-4B69-88B7-24DB1751FBB0}.Debug|Mixed Platforms.ActiveCfg = Debug|Win32
		{31292C86-E110-4B69-88B7-24DB1751FBB0}.Debug|Mixed Platforms.Build.0 = Debug|Win32
		{31292C86-E110-4B69-88B7-24DB1751FBB0}.Debug|Win32.ActiveCfg = Debug|Win32
		{31292C86-E110-4B69-88B7-24DB1751FBB0}.Debug|Win32.Build.0 = Debug|Win32
		{31292C86-E110-4B69-88B7-24DB1751FBB0}.Debug|x86.ActiveCfg = Debug|Win32
		{31292C86-E110-4B69-88B7-24DB1751FBB0}.Release|Mixed Platforms.ActiveCfg = Release|Win32
		{31292C86-E110-4B69-88B7-24DB1751FBB0}.Release|Mixed Platforms.Build.0 = Release|Win32
		{31292C86-E110-4B69-88B7-24DB1751FBB0}.Release|Win32.ActiveCfg = Release|Win32
		{31292C86-E110-4B69-88B7-24DB1751FBB0}.Release|Win32.Build.0 = Release|Win32
		{31292C86-E110-4B69-88B7-24DB1751FBB0}.Release|x86.ActiveCfg = Release|Win32
		{4F4E7DF6-150F-4ACC-BF2D-2101322A36D1}.Debug|Mixed Platforms.ActiveCfg = Debug|Win32
		{4F4E7DF6-150F-4ACC-BF2D-2101322A36D1}.Debug|Mixed Platforms.Build.0 = Debug|Win32
		{4F4E7DF6-150F-4ACC-BF2D-2101322A36D1}.Debug|Win32.ActiveCfg = Debug|Win32
		{4F4E7DF6-150F-4ACC-BF2D-2101322A36D1}.Debug|Win32.Build.0 = Debug|Win32
		{4F4E7DF6-150F-4ACC-BF2D-2101322A36D1}.Debug|x86.ActiveCfg = Debug|Win32
		{4F4E7DF6-150F-4ACC-BF2D-2101322A36D1}.Release|Mixed Platforms.ActiveCfg = Release|Win32
		{4F4E7DF6-150F-4ACC-BF2D-2101322A36D1}.Release|Mixed Platforms.Build.0 = Release|Win32
		{4F4E7DF6-150F-4ACC-BF2D-2101322A36D1}.Release|Win32.ActiveCfg = Release|Win32
		{4F4E7DF6-150F-4ACC-BF2D-2101322A36D1}.Release|Win32.Build.0 = Release|Win32
		{4F4E7DF6-150F-4ACC-BF2D-2101322A36D1}.Release|x86.ActiveCfg = Release|Win32
		{A427D694-D687-4C9B-A3B2-D1A58E10B0D5}.Debug|Mixed Platforms.ActiveCfg = Debug|Win32
		{A427D694-D687-4C9B-A3B2-D1A58E10B0D5}.Debug|Mixed Platforms.Build.0 = Debug|Win32
		{A427D694-D687-4C9B-A3B2-D1A58E10B0D5}.Debug|Win32.ActiveCfg = Debug|Win32
		{A427D694-D687-4C9B-A3B2-D1A58E10B0D5}.Debug|Win32.Build.0 = Debug|Win32
		{A427D694-D687-4C9B-A3B2-D1A58E10B0D5}.Debug|x86.ActiveCfg = Debug|Win32
		{A427D694-D687-4C9B-A3B2-D1A58E10B0D5}.Release|Mixed Platforms.ActiveCfg = Release|Win32
		{A427D694-D687-4C9B-A3B2-D1A58E10B0D5}.Release|Mixed Platforms.Build.0 = Release|Win32
		{A427D694-D687-4C9B-A3B2-D1A58E10B0D5}.Release|Win32.ActiveCfg = Release|Win32
		{A427D694-D687-4C9B-A3B2-D1A58E10B0D5}.Release|Win32.Build.0 = Release|Win32
		{A427D694-D687-4C9B-A3B2-D1A58E10B0D5}.Release|x86.ActiveCfg = Release|Win32
		{65302AD0-4CF9-4538-ADB4-18CA2430D39D}.Debug|Mixed Platforms.ActiveCfg = Debug|Win32
		{65302AD0-4CF9-4538-ADB4-18CA2430D39D}.Debug|Mixed Platforms.Build.0 = Debug|Win32
		{65302AD0-4CF9-4538-ADB4-18CA2430D39D}.Debug|Win32.ActiveCfg = Debug|Win32
		{65302AD0-4CF9-4538-ADB4-18CA2430D39D}.Debug|Win32.Build.0 = Debug|Win32
		{65302AD0-4CF9-4538-ADB4-18CA2430D39D}.Debug|x86.ActiveCfg = Debug|Win32
		{65302AD0-4CF9-4538-ADB4-18CA2430D39D}.Release|Mixed Platforms.ActiveCfg = Release|Win32
		{65302AD0-4CF9-4538-ADB4-18CA2430D39D}.Release|Mixed Platforms.Build.0 = Release|Win32
		{65302AD0-4CF9-4538-ADB4-18CA2430D39D}.Release|Win32.ActiveCfg = Release|Win32
		{65302AD0-4CF9-4538-ADB4-18CA2430D39D}.Release|Win32.Build.0 = Release|Win32
		{65302AD0-4CF9-4538-ADB4-18CA2430D39D}.Release|x86.ActiveCfg = Release|Win32
		{AE63260D-C826-44D4-AF7C-29507DE08A66}.Debug|Mixed Platforms.ActiveCfg = Debug|Win32
		{AE63260D-C826-44D4-AF7C-29507DE08A66}.Debug|Mixed Platforms.Build.0 = Debug|Win32
		{AE63260D-C826-44D4-AF7C-29507DE08A66}.Debug|Win32.ActiveCfg = Debug|Win32
		{AE63260D-C826-44D4-AF7C-29507DE08A66}.Debug|Win32.Build.0 = Debug|Win32
		{AE63260D-C826-44D4-AF7C-29507DE08A66}.Debug|x86.ActiveCfg = Debug|Win32
		{AE63260D-C826-44D4-AF7C-29507DE08A66}.Release|Mixed Platforms.ActiveCfg = Release|Win32
		{AE63260D-C826-44D4-AF7C-29507DE08A66}.Release|Mixed Platforms.Build.0 = Release|Win32
		{AE63260D-C826-44D4-AF7C-29507DE08A66}.Release|Win32.ActiveCfg = Release|Win32
		{AE63260D-C826-44D4-AF7C-29507DE08A66}.Release|Win32.Build.0 = Release|Win32
		{AE63260D-C826-44D4-AF7C-29507DE08A66}.Release|x86.ActiveCfg = Release|Win32
		{15F57D0C-8510-420F-A359-0B65F8F340E0}.Debug|Mixed Platforms.ActiveCfg = Debug|Win32
		{15F57D0C-8510-420F-A359-0B65F8F340E0}.Debug|Mixed Platforms.Build.0 = Debug|Win32
		{15F57D0C-8510-420F-A359-0B65F8F340E0}.Debug|Win32.ActiveCfg = Debug|Win32
		{15F57D0C-8510-420F-A359-0B65F8F340E0}.Debug|Win32.Build.0 = Debug|Win32
		{15F57D0C-8510-420F-A359-0B65F8F340E0}.Debug|x86.ActiveCfg = Debug|Win32
		{15F57D0C-8510-420F-A359-0B65F8F340E0}.Release|Mixed Platforms.ActiveCfg = Release|Win32
		{15F57D0C-8510-420F-A359-0B65F8F340E0}.Release|Mixed Platforms.Build.0 = Release|Win32
		{15F57D0C-8510-420F-A359-0B65F8F340E0}.Release|Win32.ActiveCfg = Release|Win32
		{15F57D0C-8510-420F-A359-0B65F8F340E0}.Release|Win32.Build.0 = Release|Win32
		{15F57D0C-8510-420F-A359-0B65F8F340E0}.Release|x86.ActiveCfg = Release|Win32
		{FEE28484-E055-4BB5-8F51-67D9BC76DF9F}.Debug|Mixed Platforms.ActiveCfg = Debug|Win32
		{FEE28484-E055-4BB5-8F51-67D9BC76DF9F}.Debug|Mixed Platforms.Build.0 = Debug|Win32
		{FEE28484-E055-4BB5-8F51-67D9BC76DF9F}.Debug|Win32.ActiveCfg = Debug|Win32
		{FEE28484-E055-4BB5-8F51-67D9BC76DF9F}.Debug|Win32.Build.0 = Debug|Win32
		{FEE28484-E055-4BB5-8F51-67D9BC76DF9F}.Debug|x86.ActiveCfg = Debug|Win32
		{FEE28484-E055-4BB5-8F51-67D9BC76DF9F}.Release|Mixed Platforms.ActiveCfg = Release|Win32
		{FEE28484-E055-4BB5-8F51-67D9BC76DF9F}.Release|Mixed Platforms.Build.0 = Release|Win32
		{FEE28484-E055-4BB5-8F51-67D9BC76DF9F}.Release|Win32.ActiveCfg = Release|Win32
		{FEE28484-E055-4BB5-8F51-67D9BC76DF9F}.Release|Win32.Build.0 = Release|Win32
		{FEE28484-E055-4BB5-8F51-67D9BC76DF9F}.Release|x86.ActiveCfg = Release|Win32
		{3DEDD1CB-9421-43D4-AE45-C5DBAE45D22F}.Debug|Mixed Platforms.ActiveCfg = Debug|Win32
		{3DEDD1CB-9421-43D4-AE45-C5DBAE45D22F}.Debug|Mixed Platforms.Build.0 = Debug|Win32
		{3DEDD1CB-9421-43D4-AE45-C5DBAE45D22F}.Debug|Win32.ActiveCfg = Debug|Win32
		{3DEDD1CB-9421-43D4-AE45-C5DBAE45D22F}.Debug|Win32.Build.0 = Debug|Win32
		{3DEDD1CB-9421-43D4-AE45-C5DBAE45D22F}.Debug|x86.ActiveCfg = Debug|Win32
		{3DEDD1CB-9421-43D4-AE45-C5DBAE45D22F}.Release|Mixed Platforms.ActiveCfg = Release|Win32
		{3DEDD1CB-9421-43D4-AE45-C5DBAE45D22F}.Release|Mixed Platforms.Build.0 = Release|Win32
		{3DEDD1CB-9421-43D4-AE45-C5DBAE45D22F}.Release|Win32.ActiveCfg = Release|Win32
		{3DEDD1CB-9421-43D4-AE45-C5DBAE45D22F}.Release|Win32.Build.0 = Release|Win32
		{3DEDD1CB-9421-43D4-AE45-C5DBAE45D22F}.Release|x86.ActiveCfg = Release|Win32
		{0A4CF0EB-BD34-43D8-AF61-66A5AEE4FB1A}.Debug|Mixed Platforms.ActiveCfg = Debug|Win32
		{0A4CF0EB-BD34-43D8-AF61-66A5AEE4FB1A}.Debug|Mixed Platforms.Build.0 = Debug|Win32
		{0A4CF0EB-BD34-43D8-AF61-66A5AEE4FB1A}.Debug|Win32.ActiveCfg = Debug|Win32
		{0A4CF0EB-BD34-43D8-AF61-66A5AEE4FB1A}.Debug|Win32.Build.0 = Debug|Win32
		{0A4CF0EB-BD34-43D8-AF61-66A5AEE4FB1A}.Debug|x86.ActiveCfg = Debug|Win32
		{0A4CF0EB-BD34-43D8-AF61-66A5AEE4FB1A}.Release|Mixed Platforms.ActiveCfg = Release|Win32
		{0A4CF0EB-BD34-43D8-AF61-66A5AEE4FB1A}.Release|Mixed Platforms.Build.0 = Release|Win32
		{0A4CF0EB-BD34-43D8-AF61-66A5AEE4FB1A}.Release|Win32.ActiveCfg = Release|Win32
		{0A4CF0EB-BD34-43D8-AF61-66A5AEE4FB1A}.Release|Win32.Build.0 = Release|Win32
		{0A4CF0EB-BD34-43D8-AF61-66A5AEE4FB1A}.Release|x86.ActiveCfg = Release|Win32
		{69807652-5587-4AAA-9EAB-6D55A5FB4CBC}.Debug|Mixed Platforms.ActiveCfg = Debug|Win32
		{69807652-5587-4AAA-9EAB-6D55A5FB4CBC}.Debug|Mixed Platforms.Build.0 = Debug|Win32
		{69807652-5587-4AAA-9EAB-6D55A5FB4CBC}.Debug|Win32.ActiveCfg = Debug|Win32
		{69807652-5587-4AAA-9EAB-6D55A5FB4CBC}.Debug|Win32.Build.0 = Debug|Win32
		{69807652-5587-4AAA-9EAB-6D55A5FB4CBC}.Debug|x86.ActiveCfg = Debug|Win32
		{69807652-5587-4AAA-9EAB-6D55A5FB4CBC}.Release|Mixed Platforms.ActiveCfg = Release|Win32
		{69807652-5587-4AAA-9EAB-6D55A5FB4CBC}.Release|Mixed Platforms.Build.0 = Release|Win32
		{69807652-5587-4AAA-9EAB-6D55A5FB4CBC}.Release|Win32.ActiveCfg = Release|Win32
		{69807652-5587-4AAA-9EAB-6D55A5FB4CBC}.Release|Win32.Build.0 = Release|Win32
		{69807652-5587-4AAA-9EAB-6D55A5FB4CBC}.Release|x86.ActiveCfg = Release|Win32
		{6B629A32-8D95-41FB-8D1A-0F8A0340FAC5}.Debug|Mixed Platforms.ActiveCfg = Debug|Win32
		{6B629A32-8D95-41FB-8D1A-0F8A0340FAC5}.Debug|Mixed Platforms.Build.0 = Debug|Win32
		{6B629A32-8D95-41FB-8D1A-0F8A0340FAC5}.Debug|Win32.ActiveCfg = Debug|Win32
		{6B629A32-8D95-41FB-8D1A-0F8A0340FAC5}.Debug|Win32.Build.0 = Debug|Win32
		{6B629A32-8D95-41FB-8D1A-0F8A0340FAC5}.Debug|x86.ActiveCfg = Debug|Win32
		{6B629A32-8D95-41FB-8D1A-0F8A0340FAC5}.Release|Mixed Platforms.ActiveCfg = Release|Win32
		{6B629A32-8D95-41FB-8D1A-0F8A0340FAC5}.Release|Mixed Platforms.Build.0 = Release|Win32
		{6B629A32-8D95-41FB-8D1A-0F8A0340FAC5}.Release|Win32.ActiveCfg = Release|Win32
		{6B629A32-8D95-41FB-8D1A-0F8A0340FAC5}.Release|Win32.Build.0 = Release|Win32
		{6B629A32-8D95-41FB-8D1A-0F8A0340FAC5}.Release|x86.ActiveCfg = Release|Win32
		{137B8A46-FB36-42E4-A08E-A2B638D96170}.Debug|Mixed Platforms.ActiveCfg = Debug|Win32
		{137B8A46-FB36-42E4-A08E-A2B638D96170}.Debug|Mixed Platforms.Build.0 = Debug|Win32
		{137B8A46-FB36-42E4-A08E-A2B638D96170}.Debug|Win32.ActiveCfg = Debug|Win32
		{137B8A46-FB36-42E4-A08E-A2B638D96170}.Debug|Win32.Build.0 = Debug|Win32
		{137B8A46-FB36-42E4-A08E-A2B638D96170}.Debug|x86.ActiveCfg = Debug|Win32
		{137B8A46-FB36-42E4-A08E-A2B638D96170}.Release|Mixed Platforms.ActiveCfg = Release|Win32
		{137B8A46-FB36-42E4-A08E-A2B638D96170}.Release|Mixed Platforms.Build.0 = Release|Win32
		{137B8A46-FB36-42E4-A08E-A2B638D96170}.Release|Win32.ActiveCfg = Release|Win32
		{137B8A46-FB36-42E4-A08E-A2B638D96170}.Release|Win32.Build.0 = Release|Win32
		{137B8A46-FB36-42E4-A08E-A2B638D96170}.Release|x86.ActiveCfg = Release|Win32
		{751DA57C-E1EB-4B72-8BC7-C63771619569}.Debug|Mixed Platforms.ActiveCfg = Debug|Win32
		{751DA57C-E1EB-4B72-8BC7-C63771619569}.Debug|Mixed Platforms.Build.0 = Debug|Win32
		{751DA57C-E1EB-4B72-8BC7-C63771619569}.Debug|Win32.ActiveCfg = Debug|Win32
		{751DA57C-E1EB-4B72-8BC7-C63771619569}.Debug|Win32.Build.0 = Debug|Win32
		{751DA57C-E1EB-4B72-8BC7-C63771619569}.Debug|x86.ActiveCfg = Debug|Win32
		{751DA57C-E1EB-4B72-8BC7-C63771619569}.Release|Mixed Platforms.ActiveCfg = Release|Win32
		{751DA57C-E1EB-4B72-8BC7-C63771619569}.Release|Mixed Platforms.Build.0 = Release|Win32
		{751DA57C-E1EB-4B72-8BC7-C63771619569}.Release|Win32.ActiveCfg = Release|Win32
		{751DA57C-E1EB-4B72-8BC7-C63771619569}.Release|Win32.Build.0 = Release|Win32
		{751DA57C-E1EB-4B72-8BC7-C63771619569}.Release|x86.ActiveCfg = Release|Win32
		{DB09006C-8D10-48EF-A6BB-C532EBD1C999}.Debug|Mixed Platforms.ActiveCfg = Debug|Win32
		{DB09006C-8D10-48EF-A6BB-C532EBD1C999}.Debug|Mixed Platforms.Build.0 = Debug|Win32
		{DB09006C-8D10-48EF-A6BB-C532EBD1C999}.Debug|Win32.ActiveCfg = Debug|Win32
		{DB09006C-8D10-48EF-A6BB-C532EBD1C999}.Debug|Win32.Build.0 = Debug|Win32
		{DB09006C-8D10-48EF-A6BB-C532EBD1C999}.Debug|x86.ActiveCfg = Debug|Win32
		{DB09006C-8D10-48EF-A6BB-C532EBD1C999}.Release|Mixed Platforms.ActiveCfg = Release|Win32
		{DB09006C-8D10-48EF-A6BB-C532EBD1C999}.Release|Mixed Platforms.Build.0 = Release|Win32
		{DB09006C-8D10-48EF-A6BB-C532EBD1C999}.Release|Win32.ActiveCfg = Release|Win32
		{DB09006C-8D10-48EF-A6BB-C532EBD1C999}.Release|Win32.Build.0 = Release|Win32
		{DB09006C-8D10-48EF-A6BB-C532EBD1C999}.Release|x86.ActiveCfg = Release|Win32
		{3148DF5A-5201-45DB-B23A-9E0F8DE8BA25}.Debug|Mixed Platforms.ActiveCfg = Debug|Win32
		{3148DF5A-5201-45DB-B23A-9E0F8DE8BA25}.Debug|Mixed Platforms.Build.0 = Debug|Win32
		{3148DF5A-5201-45DB-B23A-9E0F8DE8BA25}.Debug|Win32.ActiveCfg = Debug|Win32
		{3148DF5A-5201-45DB-B23A-9E0F8DE8BA25}.Debug|Win32.Build.0 = Debug|Win32
		{3148DF5A-5201-45DB-B23A-9E0F8DE8BA25}.Debug|x86.ActiveCfg = Debug|Win32
		{3148DF5A-5201-45DB-B23A-9E0F8DE8BA25}.Release|Mixed Platforms.ActiveCfg = Release|Win32
		{3148DF5A-5201-45DB-B23A-9E0F8DE8BA25}.Release|Mixed Platforms.Build.0 = Release|Win32
		{3148DF5A-5201-45DB-B23A-9E0F8DE8BA25}.Release|Win32.ActiveCfg = Release|Win32
		{3148DF5A-5201-45DB-B23A-9E0F8DE8BA25}.Release|Win32.Build.0 = Release|Win32
		{3148DF5A-5201-45DB-B23A-9E0F8DE8BA25}.Release|x86.ActiveCfg = Release|Win32
		{3D80CB14-1A1A-4C63-A51B-2F5B58721E9A}.Debug|Mixed Platforms.ActiveCfg = Debug|Win32
		{3D80CB14-1A1A-4C63-A51B-2F5B58721E9A}.Debug|Mixed Platforms.Build.0 = Debug|Win32
		{3D80CB14-1A1A-4C63-A51B-2F5B58721E9A}.Debug|Win32.ActiveCfg = Debug|Win32
		{3D80CB14-1A1A-4C63-A51B-2F5B58721E9A}.Debug|Win32.Build.0 = Debug|Win32
		{3D80CB14-1A1A-4C63-A51B-2F5B58721E9A}.Debug|x86.ActiveCfg = Debug|Win32
		{3D80CB14-1A1A-4C63-A51B-2F5B58721E9A}.Release|Mixed Platforms.ActiveCfg = Release|Win32
		{3D80CB14-1A1A-4C63-A51B-2F5B58721E9A}.Release|Mixed Platforms.Build.0 = Release|Win32
		{3D80CB14-1A1A-4C63-A51B-2F5B58721E9A}.Release|Win32.ActiveCfg = Release|Win32
		{3D80CB14-1A1A-4C63-A51B-2F5B58721E9A}.Release|Win32.Build.0 = Release|Win32
		{3D80CB14-1A1A-4C63-A51B-2F5B58721E9A}.Release|x86.ActiveCfg = Release|Win32
		{6E7E1ABD-26FE-4DDF-BB0C-D65EBC593378}.Debug|Mixed Platforms.ActiveCfg = Debug|x86
		{6E7E1ABD-26FE-4DDF-BB0C-D65EBC593378}.Debug|Mixed Platforms.Build.0 = Debug|x86
		{6E7E1ABD-26FE-4DDF-BB0C-D65EBC593378}.Debug|Win32.ActiveCfg = Debug|x86
		{6E7E1ABD-26FE-4DDF-BB0C-D65EBC593378}.Debug|x86.ActiveCfg = Debug|x86
		{6E7E1ABD-26FE-4DDF-BB0C-D65EBC593378}.Debug|x86.Build.0 = Debug|x86
		{6E7E1ABD-26FE-4DDF-BB0C-D65EBC593378}.Release|Mixed Platforms.ActiveCfg = Release|x86
		{6E7E1ABD-26FE-4DDF-BB0C-D65EBC593378}.Release|Mixed Platforms.Build.0 = Release|x86
		{6E7E1ABD-26FE-4DDF-BB0C-D65EBC593378}.Release|Win32.ActiveCfg = Release|x86
		{6E7E1ABD-26FE-4DDF-BB0C-D65EBC593378}.Release|x86.ActiveCfg = Release|x86
		{6E7E1ABD-26FE-4DDF-BB0C-D65EBC593378}.Release|x86.Build.0 = Release|x86
	EndGlobalSection
	GlobalSection(SolutionProperties) = preSolution
		HideSolutionNode = FALSE
	EndGlobalSection
	GlobalSection(NestedProjects) = preSolution
		{31292C86-E110-4B69-88B7-24DB1751FBB0} = {76542772-A619-4B60-B744-8379D75AFF99}
		{4F4E7DF6-150F-4ACC-BF2D-2101322A36D1} = {76542772-A619-4B60-B744-8379D75AFF99}
		{A427D694-D687-4C9B-A3B2-D1A58E10B0D5} = {76542772-A619-4B60-B744-8379D75AFF99}
		{65302AD0-4CF9-4538-ADB4-18CA2430D39D} = {76542772-A619-4B60-B744-8379D75AFF99}
		{AE63260D-C826-44D4-AF7C-29507DE08A66} = {76542772-A619-4B60-B744-8379D75AFF99}
		{15F57D0C-8510-420F-A359-0B65F8F340E0} = {76542772-A619-4B60-B744-8379D75AFF99}
		{FEE28484-E055-4BB5-8F51-67D9BC76DF9F} = {76542772-A619-4B60-B744-8379D75AFF99}
		{3DEDD1CB-9421-43D4-AE45-C5DBAE45D22F} = {76542772-A619-4B60-B744-8379D75AFF99}
		{0A4CF0EB-BD34-43D8-AF61-66A5AEE4FB1A} = {76542772-A619-4B60-B744-8379D75AFF99}
		{69807652-5587-4AAA-9EAB-6D55A5FB4CBC} = {76542772-A619-4B60-B744-8379D75AFF99}
		{6B629A32-8D95-41FB-8D1A-0F8A0340FAC5} = {76542772-A619-4B60-B744-8379D75AFF99}
		{137B8A46-FB36-42E4-A08E-A2B638D96170} = {76542772-A619-4B60-B744-8379D75AFF99}
		{751DA57C-E1EB-4B72-8BC7-C63771619569} = {76542772-A619-4B60-B744-8379D75AFF99}
		{DB09006C-8D10-48EF-A6BB-C532EBD1C999} = {76542772-A619-4B60-B744-8379D75AFF99}
		{3148DF5A-5201-45DB-B23A-9E0F8DE8BA25} = {76542772-A619-4B60-B744-8379D75AFF99}
		{3D80CB14-1A1A-4C63-A51B-2F5B58721E9A} = {0E10D564-F06A-4699-9FEA-A89AE73425F8}
		{6E7E1ABD-26FE-4DDF-BB0C-D65EBC593378} = {0E10D564-F06A-4699-9FEA-A89AE73425F8}
	EndGlobalSection
EndGlobal
